
Microsoft Visual Studio Solution File, Format Version 12.00
# Visual Studio Version 17
VisualStudioVersion = 17.10.35013.160
MinimumVisualStudioVersion = 10.0.40219.1
Project("{9A19103F-16F7-4668-BE54-9A1E7A4F7556}") = "Pangolin.Desktop", "Pangolin.Desktop\Pangolin.Desktop.csproj", "{6A92067B-A34E-45DE-A47B-E25500339E86}"
EndProject
Project("{9A19103F-16F7-4668-BE54-9A1E7A4F7556}") = "Pangolin.Utility", "Pangolin.Utility\Pangolin.Utility.csproj", "{EDB65E5E-AA0C-4872-A935-D5325A9B1293}"
EndProject
Project("{2150E333-8FDC-42A3-9474-1A3956D46DE8}") = "Solution Items", "Solution Items", "{31D9BEFC-C903-422F-B932-943CE8DC726F}"
	ProjectSection(SolutionItems) = preProject
		.editorconfig = .editorconfig
	EndProjectSection
EndProject
Project("{FAE04EC0-301F-11D3-BF4B-00C04F79EFBC}") = "PangolinUnitTest", "PangolinUnitTest\PangolinUnitTest.csproj", "{A2F83D13-4EDD-4EA5-A582-0C27925F0F47}"
EndProject
Global
	GlobalSection(SolutionConfigurationPlatforms) = preSolution
		Debug|Any CPU = Debug|Any CPU
		Release|Any CPU = Release|Any CPU
	EndGlobalSection
	GlobalSection(ProjectConfigurationPlatforms) = postSolution
		{6A92067B-A34E-45DE-A47B-E25500339E86}.Debug|Any CPU.ActiveCfg = Debug|Any CPU
		{6A92067B-A34E-45DE-A47B-E25500339E86}.Debug|Any CPU.Build.0 = Debug|Any CPU
		{6A92067B-A34E-45DE-A47B-E25500339E86}.Release|Any CPU.ActiveCfg = Release|Any CPU
		{6A92067B-A34E-45DE-A47B-E25500339E86}.Release|Any CPU.Build.0 = Release|Any CPU
		{EDB65E5E-AA0C-4872-A935-D5325A9B1293}.Debug|Any CPU.ActiveCfg = Debug|Any CPU
		{EDB65E5E-AA0C-4872-A935-D5325A9B1293}.Debug|Any CPU.Build.0 = Debug|Any CPU
		{EDB65E5E-AA0C-4872-A935-D5325A9B1293}.Release|Any CPU.ActiveCfg = Release|Any CPU
		{EDB65E5E-AA0C-4872-A935-D5325A9B1293}.Release|Any CPU.Build.0 = Release|Any CPU
		{A2F83D13-4EDD-4EA5-A582-0C27925F0F47}.Debug|Any CPU.ActiveCfg = Debug|Any CPU
		{A2F83D13-4EDD-4EA5-A582-0C27925F0F47}.Debug|Any CPU.Build.0 = Debug|Any CPU
		{A2F83D13-4EDD-4EA5-A582-0C27925F0F47}.Release|Any CPU.ActiveCfg = Release|Any CPU
		{A2F83D13-4EDD-4EA5-A582-0C27925F0F47}.Release|Any CPU.Build.0 = Release|Any CPU
	EndGlobalSection
	GlobalSection(SolutionProperties) = preSolution
		HideSolutionNode = FALSE
	EndGlobalSection
	GlobalSection(ExtensibilityGlobals) = postSolution
		SolutionGuid = {C3F7EAD2-567A-4D0B-863D-CEA19D022B6E}
	EndGlobalSection
EndGlobal
